// !$*UTF8*$!
{
	archiveVersion = 1;
	classes = {
	};
	objectVersion = 56;
	objects = {

/* Begin PBXBuildFile section */
		A10000001 /* StockPaperTraderApp.swift in Sources */ = {isa = PBXBuildFile; fileRef = B10000001; };
		A10000002 /* Stock.swift in Sources */ = {isa = PBXBuildFile; fileRef = B10000002; };
		A10000003 /* Automation.swift in Sources */ = {isa = PBXBuildFile; fileRef = B10000003; };
		A10000022 /* OrderTypes.swift in Sources */ = {isa = PBXBuildFile; fileRef = B10000023; };
		A10000004 /* StockService.swift in Sources */ = {isa = PBXBuildFile; fileRef = B10000004; };
		A10000005 /* YahooModels.swift in Sources */ = {isa = PBXBuildFile; fileRef = B10000005; };
		A10000006 /* PaperTradingService.swift in Sources */ = {isa = PBXBuildFile; fileRef = B10000006; };
		A10000007 /* PortfolioManager.swift in Sources */ = {isa = PBXBuildFile; fileRef = B10000007; };
		A10000008 /* AutomationEngine.swift in Sources */ = {isa = PBXBuildFile; fileRef = B10000008; };
		A10000009 /* HapticManager.swift in Sources */ = {isa = PBXBuildFile; fileRef = B10000009; };
		A10000010 /* KeychainHelper.swift in Sources */ = {isa = PBXBuildFile; fileRef = B10000010; };
		A10000011 /* ContentView.swift in Sources */ = {isa = PBXBuildFile; fileRef = B10000011; };
		A10000012 /* DashboardView.swift in Sources */ = {isa = PBXBuildFile; fileRef = B10000012; };
		A10000013 /* WatchlistView.swift in Sources */ = {isa = PBXBuildFile; fileRef = B10000013; };
		A10000014 /* StockDetailView.swift in Sources */ = {isa = PBXBuildFile; fileRef = B10000014; };
		A10000015 /* TradeView.swift in Sources */ = {isa = PBXBuildFile; fileRef = B10000015; };
		A10000016 /* AutomationView.swift in Sources */ = {isa = PBXBuildFile; fileRef = B10000016; };
		A10000017 /* SettingsView.swift in Sources */ = {isa = PBXBuildFile; fileRef = B10000017; };
		A10000018 /* Assets.xcassets in Resources */ = {isa = PBXBuildFile; fileRef = B10000018; };
		A10000019 /* SplashScreenView.swift in Sources */ = {isa = PBXBuildFile; fileRef = B10000020; };
		A10000020 /* AnalyticsView.swift in Sources */ = {isa = PBXBuildFile; fileRef = B10000021; };
		A10000021 /* TradingDashboardView.swift in Sources */ = {isa = PBXBuildFile; fileRef = B10000022; };
		A10000023 /* OnboardingView.swift in Sources */ = {isa = PBXBuildFile; fileRef = B10000024; };
		A10000024 /* ToolsModels.swift in Sources */ = {isa = PBXBuildFile; fileRef = B10000025; };
		A10000025 /* ToolsView.swift in Sources */ = {isa = PBXBuildFile; fileRef = B10000026; };
		A10000026 /* ScreenerView.swift in Sources */ = {isa = PBXBuildFile; fileRef = B10000027; };
		A10000027 /* PriceAlertsView.swift in Sources */ = {isa = PBXBuildFile; fileRef = B10000028; };
		A10000028 /* SectorMapView.swift in Sources */ = {isa = PBXBuildFile; fileRef = B10000029; };
		A10000029 /* NewsView.swift in Sources */ = {isa = PBXBuildFile; fileRef = B10000030; };
		A10000030 /* ComparisonView.swift in Sources */ = {isa = PBXBuildFile; fileRef = B10000031; };
		A10000031 /* RiskCalculatorView.swift in Sources */ = {isa = PBXBuildFile; fileRef = B10000032; };
		A10000032 /* ChartWindowConfig.swift in Sources */ = {isa = PBXBuildFile; fileRef = B10000033; };
		A10000033 /* ChartWindowView.swift in Sources */ = {isa = PBXBuildFile; fileRef = B10000034; };
/* End PBXBuildFile section */

/* Begin PBXFileReference section */
		C10000001 /* StockPaperTrader.app */ = {isa = PBXFileReference; explicitFileType = wrapper.application; includeInIndex = 0; path = StockPaperTrader.app; sourceTree = BUILT_PRODUCTS_DIR; };
		B10000001 /* StockPaperTraderApp.swift */ = {isa = PBXFileReference; lastKnownFileType = sourcecode.swift; path = StockPaperTraderApp.swift; sourceTree = "<group>"; };
		B10000002 /* Stock.swift */ = {isa = PBXFileReference; lastKnownFileType = sourcecode.swift; path = Stock.swift; sourceTree = "<group>"; };
		B10000003 /* Automation.swift */ = {isa = PBXFileReference; lastKnownFileType = sourcecode.swift; path = Automation.swift; sourceTree = "<group>"; };
		B10000023 /* OrderTypes.swift */ = {isa = PBXFileReference; lastKnownFileType = sourcecode.swift; path = OrderTypes.swift; sourceTree = "<group>"; };
		B10000004 /* StockService.swift */ = {isa = PBXFileReference; lastKnownFileType = sourcecode.swift; path = StockService.swift; sourceTree = "<group>"; };
		B10000005 /* YahooModels.swift */ = {isa = PBXFileReference; lastKnownFileType = sourcecode.swift; path = YahooModels.swift; sourceTree = "<group>"; };
		B10000006 /* PaperTradingService.swift */ = {isa = PBXFileReference; lastKnownFileType = sourcecode.swift; path = PaperTradingService.swift; sourceTree = "<group>"; };
		B10000007 /* PortfolioManager.swift */ = {isa = PBXFileReference; lastKnownFileType = sourcecode.swift; path = PortfolioManager.swift; sourceTree = "<group>"; };
		B10000008 /* AutomationEngine.swift */ = {isa = PBXFileReference; lastKnownFileType = sourcecode.swift; path = AutomationEngine.swift; sourceTree = "<group>"; };
		B10000009 /* HapticManager.swift */ = {isa = PBXFileReference; lastKnownFileType = sourcecode.swift; path = HapticManager.swift; sourceTree = "<group>"; };
		B10000010 /* KeychainHelper.swift */ = {isa = PBXFileReference; lastKnownFileType = sourcecode.swift; path = KeychainHelper.swift; sourceTree = "<group>"; };
		B10000011 /* ContentView.swift */ = {isa = PBXFileReference; lastKnownFileType = sourcecode.swift; path = ContentView.swift; sourceTree = "<group>"; };
		B10000012 /* DashboardView.swift */ = {isa = PBXFileReference; lastKnownFileType = sourcecode.swift; path = DashboardView.swift; sourceTree = "<group>"; };
		B10000013 /* WatchlistView.swift */ = {isa = PBXFileReference; lastKnownFileType = sourcecode.swift; path = WatchlistView.swift; sourceTree = "<group>"; };
		B10000014 /* StockDetailView.swift */ = {isa = PBXFileReference; lastKnownFileType = sourcecode.swift; path = StockDetailView.swift; sourceTree = "<group>"; };
		B10000015 /* TradeView.swift */ = {isa = PBXFileReference; lastKnownFileType = sourcecode.swift; path = TradeView.swift; sourceTree = "<group>"; };
		B10000016 /* AutomationView.swift */ = {isa = PBXFileReference; lastKnownFileType = sourcecode.swift; path = AutomationView.swift; sourceTree = "<group>"; };
		B10000017 /* SettingsView.swift */ = {isa = PBXFileReference; lastKnownFileType = sourcecode.swift; path = SettingsView.swift; sourceTree = "<group>"; };
		B10000018 /* Assets.xcassets */ = {isa = PBXFileReference; lastKnownFileType = folder.assetcatalog; path = Assets.xcassets; sourceTree = "<group>"; };
		B10000019 /* Info.plist */ = {isa = PBXFileReference; lastKnownFileType = text.plist.xml; path = Info.plist; sourceTree = "<group>"; };
		B10000020 /* SplashScreenView.swift */ = {isa = PBXFileReference; lastKnownFileType = sourcecode.swift; path = SplashScreenView.swift; sourceTree = "<group>"; };
		B10000021 /* AnalyticsView.swift */ = {isa = PBXFileReference; lastKnownFileType = sourcecode.swift; path = AnalyticsView.swift; sourceTree = "<group>"; };
		B10000022 /* TradingDashboardView.swift */ = {isa = PBXFileReference; lastKnownFileType = sourcecode.swift; path = TradingDashboardView.swift; sourceTree = "<group>"; };
		B10000024 /* OnboardingView.swift */ = {isa = PBXFileReference; lastKnownFileType = sourcecode.swift; path = OnboardingView.swift; sourceTree = "<group>"; };
		B10000025 /* ToolsModels.swift */ = {isa = PBXFileReference; lastKnownFileType = sourcecode.swift; path = ToolsModels.swift; sourceTree = "<group>"; };
		B10000026 /* ToolsView.swift */ = {isa = PBXFileReference; lastKnownFileType = sourcecode.swift; path = ToolsView.swift; sourceTree = "<group>"; };
		B10000027 /* ScreenerView.swift */ = {isa = PBXFileReference; lastKnownFileType = sourcecode.swift; path = ScreenerView.swift; sourceTree = "<group>"; };
		B10000028 /* PriceAlertsView.swift */ = {isa = PBXFileReference; lastKnownFileType = sourcecode.swift; path = PriceAlertsView.swift; sourceTree = "<group>"; };
		B10000029 /* SectorMapView.swift */ = {isa = PBXFileReference; lastKnownFileType = sourcecode.swift; path = SectorMapView.swift; sourceTree = "<group>"; };
		B10000030 /* NewsView.swift */ = {isa = PBXFileReference; lastKnownFileType = sourcecode.swift; path = NewsView.swift; sourceTree = "<group>"; };
		B10000031 /* ComparisonView.swift */ = {isa = PBXFileReference; lastKnownFileType = sourcecode.swift; path = ComparisonView.swift; sourceTree = "<group>"; };
		B10000032 /* RiskCalculatorView.swift */ = {isa = PBXFileReference; lastKnownFileType = sourcecode.swift; path = RiskCalculatorView.swift; sourceTree = "<group>"; };
		B10000033 /* ChartWindowConfig.swift */ = {isa = PBXFileReference; lastKnownFileType = sourcecode.swift; path = ChartWindowConfig.swift; sourceTree = "<group>"; };
		B10000034 /* ChartWindowView.swift */ = {isa = PBXFileReference; lastKnownFileType = sourcecode.swift; path = ChartWindowView.swift; sourceTree = "<group>"; };
/* End PBXFileReference section */

/* Begin PBXFrameworksBuildPhase section */
		D10000001 /* Frameworks */ = {
			isa = PBXFrameworksBuildPhase;
			buildActionMask = 2147483647;
			files = (
			);
			runOnlyForDeploymentPostprocessing = 0;
		};
/* End PBXFrameworksBuildPhase section */

/* Begin PBXGroup section */
		E10000001 = {
			isa = PBXGroup;
			children = (
				E10000002 /* StockPaperTrader */,
				E10000099 /* Products */,
			);
			sourceTree = "<group>";
		};
		E10000099 /* Products */ = {
			isa = PBXGroup;
			children = (
				C10000001 /* StockPaperTrader.app */,
			);
			name = Products;
			sourceTree = "<group>";
		};
		E10000002 /* StockPaperTrader */ = {
			isa = PBXGroup;
			children = (
				B10000001 /* StockPaperTraderApp.swift */,
				B10000019 /* Info.plist */,
				E10000003 /* Models */,
				E10000004 /* Services */,
				E10000005 /* Views */,
				E10000006 /* Assets */,
			);
			path = StockPaperTrader;
			sourceTree = "<group>";
		};
		E10000003 /* Models */ = {
			isa = PBXGroup;
			children = (
				B10000002 /* Stock.swift */,
				B10000003 /* Automation.swift */,
				B10000023 /* OrderTypes.swift */,
				B10000025 /* ToolsModels.swift */,
				B10000033 /* ChartWindowConfig.swift */,
			);
			path = Models;
			sourceTree = "<group>";
		};
		E10000004 /* Services */ = {
			isa = PBXGroup;
			children = (
				B10000004 /* StockService.swift */,
				B10000005 /* YahooModels.swift */,
				B10000006 /* PaperTradingService.swift */,
				B10000007 /* PortfolioManager.swift */,
				B10000008 /* AutomationEngine.swift */,
				B10000009 /* HapticManager.swift */,
				B10000010 /* KeychainHelper.swift */,
			);
			path = Services;
			sourceTree = "<group>";
		};
		E10000005 /* Views */ = {
			isa = PBXGroup;
			children = (
				B10000011 /* ContentView.swift */,
				B10000012 /* DashboardView.swift */,
				B10000013 /* WatchlistView.swift */,
				B10000014 /* StockDetailView.swift */,
				B10000015 /* TradeView.swift */,
				B10000016 /* AutomationView.swift */,
				B10000017 /* SettingsView.swift */,
				B10000020 /* SplashScreenView.swift */,
				B10000021 /* AnalyticsView.swift */,
				B10000022 /* TradingDashboardView.swift */,
				B10000024 /* OnboardingView.swift */,
				B10000026 /* ToolsView.swift */,
				B10000027 /* ScreenerView.swift */,
				B10000028 /* PriceAlertsView.swift */,
				B10000029 /* SectorMapView.swift */,
				B10000030 /* NewsView.swift */,
				B10000031 /* ComparisonView.swift */,
				B10000032 /* RiskCalculatorView.swift */,
				B10000034 /* ChartWindowView.swift */,
			);
			path = Views;
			sourceTree = "<group>";
		};
		E10000006 /* Assets */ = {
			isa = PBXGroup;
			children = (
				B10000018 /* Assets.xcassets */,
			);
			path = Assets;
			sourceTree = "<group>";
		};
/* End PBXGroup section */


/* Begin PBXNativeTarget section */
		F10000001 /* StockPaperTrader */ = {
			isa = PBXNativeTarget;
			buildConfigurationList = G10000003 /* Build configuration list for PBXNativeTarget "StockPaperTrader" */;
			buildPhases = (
				F10000002 /* Sources */,
				D10000001 /* Frameworks */,
				F10000003 /* Resources */,
			);
			buildRules = (
			);
			dependencies = (
			);
			name = StockPaperTrader;
			productName = StockPaperTrader;
			productReference = C10000001 /* StockPaperTrader.app */;
			productType = "com.apple.product-type.application";
		};
/* End PBXNativeTarget section */

/* Begin PBXProject section */
		F10000099 /* Project object */ = {
			isa = PBXProject;
			attributes = {
				BuildIndependentTargetsInParallel = 1;
				LastSwiftUpdateCheck = 1540;
				LastUpgradeCheck = 1540;
				TargetAttributes = {
					F10000001 = {
						CreatedOnToolsVersion = 15.4;
					};
				};
			};
			buildConfigurationList = G10000001 /* Build configuration list for PBXProject "StockPaperTrader" */;
			compatibilityVersion = "Xcode 14.0";
			developmentRegion = en;
			hasScannedForEncodings = 0;
			knownRegions = (
				en,
				Base,
			);
			mainGroup = E10000001;
			productRefGroup = E10000099 /* Products */;
			projectDirPath = "";
			projectRoot = "";
			targets = (
				F10000001 /* StockPaperTrader */,
			);
		};
/* End PBXProject section */

/* Begin PBXResourcesBuildPhase section */
		F10000003 /* Resources */ = {
			isa = PBXResourcesBuildPhase;
			buildActionMask = 2147483647;
			files = (
				A10000018 /* Assets.xcassets in Resources */,
			);
			runOnlyForDeploymentPostprocessing = 0;
		};
/* End PBXResourcesBuildPhase section */

/* Begin PBXSourcesBuildPhase section */
		F10000002 /* Sources */ = {
			isa = PBXSourcesBuildPhase;
			buildActionMask = 2147483647;
			files = (
				A10000001 /* StockPaperTraderApp.swift in Sources */,
				A10000002 /* Stock.swift in Sources */,
				A10000003 /* Automation.swift in Sources */,
				A10000022 /* OrderTypes.swift in Sources */,
				A10000004 /* StockService.swift in Sources */,
				A10000005 /* YahooModels.swift in Sources */,
				A10000006 /* PaperTradingService.swift in Sources */,
				A10000007 /* PortfolioManager.swift in Sources */,
				A10000008 /* AutomationEngine.swift in Sources */,
				A10000009 /* HapticManager.swift in Sources */,
				A10000010 /* KeychainHelper.swift in Sources */,
				A10000011 /* ContentView.swift in Sources */,
				A10000012 /* DashboardView.swift in Sources */,
				A10000013 /* WatchlistView.swift in Sources */,
				A10000014 /* StockDetailView.swift in Sources */,
				A10000015 /* TradeView.swift in Sources */,
				A10000016 /* AutomationView.swift in Sources */,
				A10000017 /* SettingsView.swift in Sources */,
				A10000019 /* SplashScreenView.swift in Sources */,
				A10000020 /* AnalyticsView.swift in Sources */,
				A10000021 /* TradingDashboardView.swift in Sources */,
				A10000023 /* OnboardingView.swift in Sources */,
				A10000024 /* ToolsModels.swift in Sources */,
				A10000025 /* ToolsView.swift in Sources */,
				A10000026 /* ScreenerView.swift in Sources */,
				A10000027 /* PriceAlertsView.swift in Sources */,
				A10000028 /* SectorMapView.swift in Sources */,
				A10000029 /* NewsView.swift in Sources */,
				A10000030 /* ComparisonView.swift in Sources */,
				A10000031 /* RiskCalculatorView.swift in Sources */,
				A10000032 /* ChartWindowConfig.swift in Sources */,
				A10000033 /* ChartWindowView.swift in Sources */,
			);
			runOnlyForDeploymentPostprocessing = 0;
		};
/* End PBXSourcesBuildPhase section */


/* Begin XCBuildConfiguration section */
		H10000001 /* Debug */ = {
			isa = XCBuildConfiguration;
			buildSettings = {
				ALWAYS_SEARCH_USER_PATHS = NO;
				ASSETCATALOG_COMPILER_GENERATE_SWIFT_ASSET_SYMBOL_EXTENSIONS = YES;
				CLANG_ANALYZER_NONNULL = YES;
				CLANG_ANALYZER_NUMBER_OBJECT_CONVERSION = YES_AGGRESSIVE;
				CLANG_CXX_LANGUAGE_STANDARD = "gnu++20";
				CLANG_ENABLE_MODULES = YES;
				CLANG_ENABLE_OBJC_ARC = YES;
				CLANG_ENABLE_OBJC_WEAK = YES;
				CLANG_WARN_BLOCK_CAPTURE_AUTORELEASING = YES;
				CLANG_WARN_BOOL_CONVERSION = YES;
				CLANG_WARN_COMMA = YES;
				CLANG_WARN_CONSTANT_CONVERSION = YES;
				CLANG_WARN_DEPRECATED_OBJC_IMPLEMENTATIONS = YES;
				CLANG_WARN_DIRECT_OBJC_ISA_USAGE = YES_ERROR;
				CLANG_WARN_DOCUMENTATION_COMMENTS = YES;
				CLANG_WARN_EMPTY_BODY = YES;
				CLANG_WARN_ENUM_CONVERSION = YES;
				CLANG_WARN_INFINITE_RECURSION = YES;
				CLANG_WARN_INT_CONVERSION = YES;
				CLANG_WARN_NON_LITERAL_NULL_CONVERSION = YES;
				CLANG_WARN_OBJC_IMPLICIT_RETAIN_SELF = YES;
				CLANG_WARN_OBJC_LITERAL_CONVERSION = YES;
				CLANG_WARN_OBJC_ROOT_CLASS = YES_ERROR;
				CLANG_WARN_QUOTED_INCLUDE_IN_FRAMEWORK_HEADER = YES;
				CLANG_WARN_RANGE_LOOP_ANALYSIS = YES;
				CLANG_WARN_STRICT_PROTOTYPES = YES;
				CLANG_WARN_SUSPICIOUS_MOVE = YES;
				CLANG_WARN_UNGUARDED_AVAILABILITY = YES_AGGRESSIVE;
				CLANG_WARN_UNREACHABLE_CODE = YES;
				CLANG_WARN__DUPLICATE_METHOD_MATCH = YES;
				COPY_PHASE_STRIP = NO;
				DEBUG_INFORMATION_FORMAT = dwarf;
				ENABLE_STRICT_OBJC_MSGSEND = YES;
				ENABLE_TESTABILITY = YES;
				ENABLE_USER_SCRIPT_SANDBOXING = YES;
				GCC_C_LANGUAGE_STANDARD = gnu17;
				GCC_DYNAMIC_NO_PIC = NO;
				GCC_NO_COMMON_BLOCKS = YES;
				GCC_OPTIMIZATION_LEVEL = 0;
				GCC_PREPROCESSOR_DEFINITIONS = (
					"DEBUG=1",
					"$(inherited)",
				);
				GCC_WARN_64_TO_32_BIT_CONVERSION = YES;
				GCC_WARN_ABOUT_RETURN_TYPE = YES_ERROR;
				GCC_WARN_UNDECLARED_SELECTOR = YES;
				GCC_WARN_UNINITIALIZED_AUTOS = YES_AGGRESSIVE;
				GCC_WARN_UNUSED_FUNCTION = YES;
				GCC_WARN_UNUSED_VARIABLE = YES;
				IPHONEOS_DEPLOYMENT_TARGET = 17.0;
				MTL_ENABLE_DEBUG_INFO = INCLUDE_SOURCE;
				MTL_FAST_MATH = YES;
				ONLY_ACTIVE_ARCH = YES;
				SDKROOT = iphoneos;
				SWIFT_ACTIVE_COMPILATION_CONDITIONS = "DEBUG $(inherited)";
				SWIFT_OPTIMIZATION_LEVEL = "-Onone";
			};
			name = Debug;
		};
		H10000002 /* Release */ = {
			isa = XCBuildConfiguration;
			buildSettings = {
				ALWAYS_SEARCH_USER_PATHS = NO;
				ASSETCATALOG_COMPILER_GENERATE_SWIFT_ASSET_SYMBOL_EXTENSIONS = YES;
				CLANG_ANALYZER_NONNULL = YES;
				CLANG_ANALYZER_NUMBER_OBJECT_CONVERSION = YES_AGGRESSIVE;
				CLANG_CXX_LANGUAGE_STANDARD = "gnu++20";
				CLANG_ENABLE_MODULES = YES;
				CLANG_ENABLE_OBJC_ARC = YES;
				CLANG_ENABLE_OBJC_WEAK = YES;
				CLANG_WARN_BLOCK_CAPTURE_AUTORELEASING = YES;
				CLANG_WARN_BOOL_CONVERSION = YES;
				CLANG_WARN_COMMA = YES;
				CLANG_WARN_CONSTANT_CONVERSION = YES;
				CLANG_WARN_DEPRECATED_OBJC_IMPLEMENTATIONS = YES;
				CLANG_WARN_DIRECT_OBJC_ISA_USAGE = YES_ERROR;
				CLANG_WARN_DOCUMENTATION_COMMENTS = YES;
				CLANG_WARN_EMPTY_BODY = YES;
				CLANG_WARN_ENUM_CONVERSION = YES;
				CLANG_WARN_INFINITE_RECURSION = YES;
				CLANG_WARN_INT_CONVERSION = YES;
				CLANG_WARN_NON_LITERAL_NULL_CONVERSION = YES;
				CLANG_WARN_OBJC_IMPLICIT_RETAIN_SELF = YES;
				CLANG_WARN_OBJC_LITERAL_CONVERSION = YES;
				CLANG_WARN_OBJC_ROOT_CLASS = YES_ERROR;
				CLANG_WARN_QUOTED_INCLUDE_IN_FRAMEWORK_HEADER = YES;
				CLANG_WARN_RANGE_LOOP_ANALYSIS = YES;
				CLANG_WARN_STRICT_PROTOTYPES = YES;
				CLANG_WARN_SUSPICIOUS_MOVE = YES;
				CLANG_WARN_UNGUARDED_AVAILABILITY = YES_AGGRESSIVE;
				CLANG_WARN_UNREACHABLE_CODE = YES;
				CLANG_WARN__DUPLICATE_METHOD_MATCH = YES;
				COPY_PHASE_STRIP = NO;
				DEBUG_INFORMATION_FORMAT = "dwarf-with-dsym";
				ENABLE_NS_ASSERTIONS = NO;
				ENABLE_STRICT_OBJC_MSGSEND = YES;
				ENABLE_USER_SCRIPT_SANDBOXING = YES;
				GCC_C_LANGUAGE_STANDARD = gnu17;
				GCC_NO_COMMON_BLOCKS = YES;
				GCC_WARN_64_TO_32_BIT_CONVERSION = YES;
				GCC_WARN_ABOUT_RETURN_TYPE = YES_ERROR;
				GCC_WARN_UNDECLARED_SELECTOR = YES;
				GCC_WARN_UNINITIALIZED_AUTOS = YES_AGGRESSIVE;
				GCC_WARN_UNUSED_FUNCTION = YES;
				GCC_WARN_UNUSED_VARIABLE = YES;
				IPHONEOS_DEPLOYMENT_TARGET = 17.0;
				MTL_ENABLE_DEBUG_INFO = NO;
				MTL_FAST_MATH = YES;
				SDKROOT = iphoneos;
				SWIFT_COMPILATION_MODE = wholemodule;
				VALIDATE_PRODUCT = YES;
			};
			name = Release;
		};
		H10000003 /* Debug */ = {
			isa = XCBuildConfiguration;
			buildSettings = {
				ASSETCATALOG_COMPILER_APPICON_NAME = AppIcon;
				ASSETCATALOG_COMPILER_GLOBAL_ACCENT_COLOR_NAME = AccentColor;
				CODE_SIGN_STYLE = Automatic;
				CURRENT_PROJECT_VERSION = 1;
				DERIVE_MACCATALYST_PRODUCT_BUNDLE_IDENTIFIER = NO;
				DEVELOPMENT_TEAM = "";
				ENABLE_PREVIEWS = YES;
				GENERATE_INFOPLIST_FILE = YES;
				INFOPLIST_FILE = StockPaperTrader/Info.plist;
				INFOPLIST_KEY_CFBundleDisplayName = PaperPilot;
				INFOPLIST_KEY_UIApplicationSceneManifest_Generation = YES;
				INFOPLIST_KEY_UIApplicationSupportsIndirectInputEvents = YES;
				INFOPLIST_KEY_UILaunchScreen_Generation = YES;
				INFOPLIST_KEY_UISupportedInterfaceOrientations_iPad = "UIInterfaceOrientationPortrait UIInterfaceOrientationPortraitUpsideDown UIInterfaceOrientationLandscapeLeft UIInterfaceOrientationLandscapeRight";
				INFOPLIST_KEY_UISupportedInterfaceOrientations_iPhone = "UIInterfaceOrientationPortrait UIInterfaceOrientationLandscapeLeft UIInterfaceOrientationLandscapeRight";
				LD_RUNPATH_SEARCH_PATHS = (
					"$(inherited)",
					"@executable_path/Frameworks",
				);
				MARKETING_VERSION = 1.0;
				PRODUCT_BUNDLE_IDENTIFIER = com.tradepilot.robinhoodstocks;
				PRODUCT_NAME = "$(TARGET_NAME)";
				SUPPORTS_MACCATALYST = YES;
				SUPPORTS_MAC_DESIGNED_FOR_IPHONE_IPAD = NO;
				SWIFT_EMIT_LOC_STRINGS = YES;
				SWIFT_VERSION = 5.0;
				TARGETED_DEVICE_FAMILY = "1,2,6";
			};
			name = Debug;
		};
		H10000004 /* Release */ = {
			isa = XCBuildConfiguration;
			buildSettings = {
				ASSETCATALOG_COMPILER_APPICON_NAME = AppIcon;
				ASSETCATALOG_COMPILER_GLOBAL_ACCENT_COLOR_NAME = AccentColor;
				CODE_SIGN_STYLE = Automatic;
				CURRENT_PROJECT_VERSION = 1;
				DERIVE_MACCATALYST_PRODUCT_BUNDLE_IDENTIFIER = NO;
				DEVELOPMENT_TEAM = "";
				ENABLE_PREVIEWS = YES;
				GENERATE_INFOPLIST_FILE = YES;
				INFOPLIST_FILE = StockPaperTrader/Info.plist;
				INFOPLIST_KEY_CFBundleDisplayName = PaperPilot;
				INFOPLIST_KEY_UIApplicationSceneManifest_Generation = YES;
				INFOPLIST_KEY_UIApplicationSupportsIndirectInputEvents = YES;
				INFOPLIST_KEY_UILaunchScreen_Generation = YES;
				INFOPLIST_KEY_UISupportedInterfaceOrientations_iPad = "UIInterfaceOrientationPortrait UIInterfaceOrientationPortraitUpsideDown UIInterfaceOrientationLandscapeLeft UIInterfaceOrientationLandscapeRight";
				INFOPLIST_KEY_UISupportedInterfaceOrientations_iPhone = "UIInterfaceOrientationPortrait UIInterfaceOrientationLandscapeLeft UIInterfaceOrientationLandscapeRight";
				LD_RUNPATH_SEARCH_PATHS = (
					"$(inherited)",
					"@executable_path/Frameworks",
				);
				MARKETING_VERSION = 1.0;
				PRODUCT_BUNDLE_IDENTIFIER = com.tradepilot.robinhoodstocks;
				PRODUCT_NAME = "$(TARGET_NAME)";
				SUPPORTS_MACCATALYST = YES;
				SUPPORTS_MAC_DESIGNED_FOR_IPHONE_IPAD = NO;
				SWIFT_EMIT_LOC_STRINGS = YES;
				SWIFT_VERSION = 5.0;
				TARGETED_DEVICE_FAMILY = "1,2,6";
			};
			name = Release;
		};
/* End XCBuildConfiguration section */

/* Begin XCConfigurationList section */
		G10000001 /* Build configuration list for PBXProject "StockPaperTrader" */ = {
			isa = XCConfigurationList;
			buildConfigurations = (
				H10000001 /* Debug */,
				H10000002 /* Release */,
			);
			defaultConfigurationIsVisible = 0;
			defaultConfigurationName = Release;
		};
		G10000003 /* Build configuration list for PBXNativeTarget "StockPaperTrader" */ = {
			isa = XCConfigurationList;
			buildConfigurations = (
				H10000003 /* Debug */,
				H10000004 /* Release */,
			);
			defaultConfigurationIsVisible = 0;
			defaultConfigurationName = Release;
		};
/* End XCConfigurationList section */

	};
	rootObject = F10000099 /* Project object */;
}
